
Microsoft Visual Studio Solution File, Format Version 12.00
# Visual Studio Version 16
VisualStudioVersion = 16.0.31205.134
MinimumVisualStudioVersion = 10.0.40219.1
Project("{9A19103F-16F7-4668-BE54-9A1E7A4F7556}") = "PE_Scrapping", "PE_Scrapping\PE_Scrapping.csproj", "{93E841B2-06DE-41CA-9E1B-D93ECE9B6A1B}"
EndProject
Global
	GlobalSection(SolutionConfigurationPlatforms) = preSolution
		Debug|Any CPU = Debug|Any CPU
		Release|Any CPU = Release|Any CPU
	EndGlobalSection
	GlobalSection(ProjectConfigurationPlatforms) = postSolution
		{93E841B2-06DE-41CA-9E1B-D93ECE9B6A1B}.Debug|Any CPU.ActiveCfg = Debug|Any CPU
		{93E841B2-06DE-41CA-9E1B-D93ECE9B6A1B}.Debug|Any CPU.Build.0 = Debug|Any CPU
		{93E841B2-06DE-41CA-9E1B-D93ECE9B6A1B}.Release|Any CPU.ActiveCfg = Release|Any CPU
		{93E841B2-06DE-41CA-9E1B-D93ECE9B6A1B}.Release|Any CPU.Build.0 = Release|Any CPU
	EndGlobalSection
	GlobalSection(SolutionProperties) = preSolution
		HideSolutionNode = FALSE
	EndGlobalSection
	GlobalSection(ExtensibilityGlobals) = postSolution
		SolutionGuid = {12836737-4492-4888-9641-2EC539FC8577}
	EndGlobalSection
EndGlobal
